
Microsoft Visual Studio Solution File, Format Version 12.00
# Visual Studio 14
VisualStudioVersion = 14.0.25420.1
MinimumVisualStudioVersion = 10.0.40219.1
Project("{FAE04EC0-301F-11D3-BF4B-00C04F79EFBC}") = "TestWebApp", "TestWebApp\TestWebApp.csproj", "{D1EDF378-19E5-459E-840D-7387FEA03E7C}"
EndProject
Project("{FAE04EC0-301F-11D3-BF4B-00C04F79EFBC}") = "DeliveryListGenerationApp", "DeliveryListGenerationApp\DeliveryListGenerationApp.csproj", "{69ACF182-FA4A-4C20-94E3-17C69C3090FC}"
EndProject
Project("{FAE04EC0-301F-11D3-BF4B-00C04F79EFBC}") = "Tests", "Tests\Tests.csproj", "{8A0D3C2B-5CFB-44E1-9F39-A3276B8E68E9}"
EndProject
Project("{FAE04EC0-301F-11D3-BF4B-00C04F79EFBC}") = "GenerateNewXMLForFastReport_classLibrary", "GenerateNewXMLForFastReportClassLibrary\GenerateNewXMLForFastReport_classLibrary\GenerateNewXMLForFastReport_classLibrary.csproj", "{3A9E984F-D060-4557-839A-FDC69555AC53}"
EndProject
Global
	GlobalSection(SolutionConfigurationPlatforms) = preSolution
		Debug|Any CPU = Debug|Any CPU
		DevTest|Any CPU = DevTest|Any CPU
		Release|Any CPU = Release|Any CPU
	EndGlobalSection
	GlobalSection(ProjectConfigurationPlatforms) = postSolution
		{D1EDF378-19E5-459E-840D-7387FEA03E7C}.Debug|Any CPU.ActiveCfg = Debug|Any CPU
		{D1EDF378-19E5-459E-840D-7387FEA03E7C}.Debug|Any CPU.Build.0 = Debug|Any CPU
		{D1EDF378-19E5-459E-840D-7387FEA03E7C}.DevTest|Any CPU.ActiveCfg = Debug|Any CPU
		{D1EDF378-19E5-459E-840D-7387FEA03E7C}.DevTest|Any CPU.Build.0 = Debug|Any CPU
		{D1EDF378-19E5-459E-840D-7387FEA03E7C}.Release|Any CPU.ActiveCfg = Release|Any CPU
		{D1EDF378-19E5-459E-840D-7387FEA03E7C}.Release|Any CPU.Build.0 = Release|Any CPU
		{69ACF182-FA4A-4C20-94E3-17C69C3090FC}.Debug|Any CPU.ActiveCfg = Debug|Any CPU
		{69ACF182-FA4A-4C20-94E3-17C69C3090FC}.Debug|Any CPU.Build.0 = Debug|Any CPU
		{69ACF182-FA4A-4C20-94E3-17C69C3090FC}.DevTest|Any CPU.ActiveCfg = Debug|Any CPU
		{69ACF182-FA4A-4C20-94E3-17C69C3090FC}.DevTest|Any CPU.Build.0 = Debug|Any CPU
		{69ACF182-FA4A-4C20-94E3-17C69C3090FC}.Release|Any CPU.ActiveCfg = Release|Any CPU
		{69ACF182-FA4A-4C20-94E3-17C69C3090FC}.Release|Any CPU.Build.0 = Release|Any CPU
		{8A0D3C2B-5CFB-44E1-9F39-A3276B8E68E9}.Debug|Any CPU.ActiveCfg = Debug|Any CPU
		{8A0D3C2B-5CFB-44E1-9F39-A3276B8E68E9}.Debug|Any CPU.Build.0 = Debug|Any CPU
		{8A0D3C2B-5CFB-44E1-9F39-A3276B8E68E9}.DevTest|Any CPU.ActiveCfg = Debug|Any CPU
		{8A0D3C2B-5CFB-44E1-9F39-A3276B8E68E9}.DevTest|Any CPU.Build.0 = Debug|Any CPU
		{8A0D3C2B-5CFB-44E1-9F39-A3276B8E68E9}.Release|Any CPU.ActiveCfg = Release|Any CPU
		{8A0D3C2B-5CFB-44E1-9F39-A3276B8E68E9}.Release|Any CPU.Build.0 = Release|Any CPU
		{3A9E984F-D060-4557-839A-FDC69555AC53}.Debug|Any CPU.ActiveCfg = Debug|Any CPU
		{3A9E984F-D060-4557-839A-FDC69555AC53}.Debug|Any CPU.Build.0 = Debug|Any CPU
		{3A9E984F-D060-4557-839A-FDC69555AC53}.DevTest|Any CPU.ActiveCfg = Debug|Any CPU
		{3A9E984F-D060-4557-839A-FDC69555AC53}.DevTest|Any CPU.Build.0 = Debug|Any CPU
		{3A9E984F-D060-4557-839A-FDC69555AC53}.Release|Any CPU.ActiveCfg = Release|Any CPU
		{3A9E984F-D060-4557-839A-FDC69555AC53}.Release|Any CPU.Build.0 = Release|Any CPU
	EndGlobalSection
	GlobalSection(SolutionProperties) = preSolution
		HideSolutionNode = FALSE
	EndGlobalSection
EndGlobal
